
Microsoft Visual Studio Solution File, Format Version 12.00
# Visual Studio Version 17
VisualStudioVersion = 17.2.32519.379
MinimumVisualStudioVersion = 10.0.40219.1
Project("{FAE04EC0-301F-11D3-BF4B-00C04F79EFBC}") = "PhotoApp1.iOS", "PhotoApp1\PhotoApp1.iOS\PhotoApp1.iOS.csproj", "{196F8BC1-F581-490A-B063-275A495218E1}"
EndProject
Project("{FAE04EC0-301F-11D3-BF4B-00C04F79EFBC}") = "PhotoApp1", "PhotoApp1\PhotoApp1\PhotoApp1.csproj", "{A448401D-B6BE-4697-B3C3-FA32DDF4B778}"
EndProject
Global
	GlobalSection(SolutionConfigurationPlatforms) = preSolution
		Debug|Any CPU = Debug|Any CPU
		Debug|iPhone = Debug|iPhone
		Debug|iPhoneSimulator = Debug|iPhoneSimulator
		Release|Any CPU = Release|Any CPU
		Release|iPhone = Release|iPhone
		Release|iPhoneSimulator = Release|iPhoneSimulator
	EndGlobalSection
	GlobalSection(ProjectConfigurationPlatforms) = postSolution
		{196F8BC1-F581-490A-B063-275A495218E1}.Debug|Any CPU.ActiveCfg = Debug|iPhoneSimulator
		{196F8BC1-F581-490A-B063-275A495218E1}.Debug|Any CPU.Build.0 = Debug|iPhoneSimulator
		{196F8BC1-F581-490A-B063-275A495218E1}.Debug|Any CPU.Deploy.0 = Debug|iPhoneSimulator
		{196F8BC1-F581-490A-B063-275A495218E1}.Debug|iPhone.ActiveCfg = Debug|iPhone
		{196F8BC1-F581-490A-B063-275A495218E1}.Debug|iPhone.Build.0 = Debug|iPhone
		{196F8BC1-F581-490A-B063-275A495218E1}.Debug|iPhone.Deploy.0 = Debug|iPhone
		{196F8BC1-F581-490A-B063-275A495218E1}.Debug|iPhoneSimulator.ActiveCfg = Debug|iPhoneSimulator
		{196F8BC1-F581-490A-B063-275A495218E1}.Debug|iPhoneSimulator.Build.0 = Debug|iPhoneSimulator
		{196F8BC1-F581-490A-B063-275A495218E1}.Debug|iPhoneSimulator.Deploy.0 = Debug|iPhoneSimulator
		{196F8BC1-F581-490A-B063-275A495218E1}.Release|Any CPU.ActiveCfg = Release|iPhoneSimulator
		{196F8BC1-F581-490A-B063-275A495218E1}.Release|Any CPU.Build.0 = Release|iPhoneSimulator
		{196F8BC1-F581-490A-B063-275A495218E1}.Release|Any CPU.Deploy.0 = Release|iPhoneSimulator
		{196F8BC1-F581-490A-B063-275A495218E1}.Release|iPhone.ActiveCfg = Release|iPhone
		{196F8BC1-F581-490A-B063-275A495218E1}.Release|iPhone.Build.0 = Release|iPhone
		{196F8BC1-F581-490A-B063-275A495218E1}.Release|iPhone.Deploy.0 = Release|iPhone
		{196F8BC1-F581-490A-B063-275A495218E1}.Release|iPhoneSimulator.ActiveCfg = Release|iPhoneSimulator
		{196F8BC1-F581-490A-B063-275A495218E1}.Release|iPhoneSimulator.Build.0 = Release|iPhoneSimulator
		{196F8BC1-F581-490A-B063-275A495218E1}.Release|iPhoneSimulator.Deploy.0 = Release|iPhoneSimulator
		{A448401D-B6BE-4697-B3C3-FA32DDF4B778}.Debug|Any CPU.ActiveCfg = Debug|Any CPU
		{A448401D-B6BE-4697-B3C3-FA32DDF4B778}.Debug|Any CPU.Build.0 = Debug|Any CPU
		{A448401D-B6BE-4697-B3C3-FA32DDF4B778}.Debug|Any CPU.Deploy.0 = Debug|Any CPU
		{A448401D-B6BE-4697-B3C3-FA32DDF4B778}.Debug|iPhone.ActiveCfg = Debug|Any CPU
		{A448401D-B6BE-4697-B3C3-FA32DDF4B778}.Debug|iPhone.Build.0 = Debug|Any CPU
		{A448401D-B6BE-4697-B3C3-FA32DDF4B778}.Debug|iPhone.Deploy.0 = Debug|Any CPU
		{A448401D-B6BE-4697-B3C3-FA32DDF4B778}.Debug|iPhoneSimulator.ActiveCfg = Debug|Any CPU
		{A448401D-B6BE-4697-B3C3-FA32DDF4B778}.Debug|iPhoneSimulator.Build.0 = Debug|Any CPU
		{A448401D-B6BE-4697-B3C3-FA32DDF4B778}.Debug|iPhoneSimulator.Deploy.0 = Debug|Any CPU
		{A448401D-B6BE-4697-B3C3-FA32DDF4B778}.Release|Any CPU.ActiveCfg = Release|Any CPU
		{A448401D-B6BE-4697-B3C3-FA32DDF4B778}.Release|Any CPU.Build.0 = Release|Any CPU
		{A448401D-B6BE-4697-B3C3-FA32DDF4B778}.Release|Any CPU.Deploy.0 = Release|Any CPU
		{A448401D-B6BE-4697-B3C3-FA32DDF4B778}.Release|iPhone.ActiveCfg = Release|Any CPU
		{A448401D-B6BE-4697-B3C3-FA32DDF4B778}.Release|iPhone.Build.0 = Release|Any CPU
		{A448401D-B6BE-4697-B3C3-FA32DDF4B778}.Release|iPhone.Deploy.0 = Release|Any CPU
		{A448401D-B6BE-4697-B3C3-FA32DDF4B778}.Release|iPhoneSimulator.ActiveCfg = Release|Any CPU
		{A448401D-B6BE-4697-B3C3-FA32DDF4B778}.Release|iPhoneSimulator.Build.0 = Release|Any CPU
		{A448401D-B6BE-4697-B3C3-FA32DDF4B778}.Release|iPhoneSimulator.Deploy.0 = Release|Any CPU
	EndGlobalSection
	GlobalSection(SolutionProperties) = preSolution
		HideSolutionNode = FALSE
	EndGlobalSection
	GlobalSection(ExtensibilityGlobals) = postSolution
		SolutionGuid = {AA31EFB5-EFAC-4961-9A20-0A228BDF37EC}
	EndGlobalSection
EndGlobal
